PODS:
  - Cache (5.2.0)
  - Hue (5.0.0)
  - ImagePicker (3.1.0)
  - Imaginary (4.2.0):
    - Cache (~> 5.0)
  - Lightbox (2.3.0):
    - Imaginary (~> 4.0)

DEPENDENCIES:
  - Hue
  - ImagePicker (from `../../`)
  - Lightbox

SPEC REPOS:
  trunk:
    - Cache
    - Hue
    - Imaginary
    - Lightbox

EXTERNAL SOURCES:
  ImagePicker:
    :path: "../../"

SPEC CHECKSUMS:
  Cache: 807c5d86d01a177f06ede9865add3aea269bbfd4
  Hue: c129cb67be7d093a82bbbc30ce8a96757bf6f37a
  ImagePicker: db1fd7626337b2577c523bef5f499bbbe5a37079
  Imaginary: dae33d06dbc2ada22f98afef5eb45cc061311a2c
  Lightbox: d317750e4132bfb871a5307cfe0a2c7d6a583c65

PODFILE CHECKSUM: 32b7472b2ec961c24e4fd3c9cd7b4ff74456f3f1

COCOAPODS: 1.9.1
